
Microsoft Visual Studio Solution File, Format Version 12.00
# Visual Studio 14
VisualStudioVersion = 14.0.25420.1
MinimumVisualStudioVersion = 10.0.40219.1
Project("{8BC9CEB8-8B4A-11D0-8D11-00A0C91BC942}") = "task3", "task3\task3.vcxproj", "{3096E2F0-48B9-45C0-8393-E71B80D97C2B}"
EndProject
Project("{8BC9CEB8-8B4A-11D0-8D11-00A0C91BC942}") = "task2", "task2\task2.vcxproj", "{DFB04F08-8828-450E-98C1-5A52335221AB}"
EndProject
Project("{8BC9CEB8-8B4A-11D0-8D11-00A0C91BC942}") = "task3.1", "task3.1\task3.1.vcxproj", "{A1EB2DC5-F85E-4C29-A47E-701CB4A1F6A7}"
EndProject
Project("{8BC9CEB8-8B4A-11D0-8D11-00A0C91BC942}") = "task1", "task1\task1.vcxproj", "{3D7D6A4C-7164-4E33-B741-26C10DCF8BAC}"
EndProject
Project("{8BC9CEB8-8B4A-11D0-8D11-00A0C91BC942}") = "task4", "task4\task4.vcxproj", "{B851658C-4B20-446F-BB94-037D22973680}"
EndProject
Project("{8BC9CEB8-8B4A-11D0-8D11-00A0C91BC942}") = "task5", "task5\task5.vcxproj", "{8C73F81D-1C95-47D5-AFE4-F74F088B1008}"
EndProject
Project("{8BC9CEB8-8B4A-11D0-8D11-00A0C91BC942}") = "task6", "task6\task6.vcxproj", "{537B60B3-F9F0-471D-88DF-55D535C8FCD7}"
EndProject
Project("{8BC9CEB8-8B4A-11D0-8D11-00A0C91BC942}") = "task7", "task7\task7.vcxproj", "{12DB171A-9474-42F3-BE39-8372C442328C}"
EndProject
Project("{8BC9CEB8-8B4A-11D0-8D11-00A0C91BC942}") = "task8", "task8\task8.vcxproj", "{34D47C58-D24C-48CD-831C-D667BEBAD637}"
EndProject
Project("{8BC9CEB8-8B4A-11D0-8D11-00A0C91BC942}") = "task9", "task9\task9.vcxproj", "{36D3F33B-7495-4BB2-A167-657F3B20914C}"
EndProject
Project("{8BC9CEB8-8B4A-11D0-8D11-00A0C91BC942}") = "HashTable", "task10\task10.vcxproj", "{BEA10ABE-338B-4A15-B538-02BD7E86FC9D}"
EndProject
Global
	GlobalSection(SolutionConfigurationPlatforms) = preSolution
		Debug|x64 = Debug|x64
		Debug|x86 = Debug|x86
		Release|x64 = Release|x64
		Release|x86 = Release|x86
	EndGlobalSection
	GlobalSection(ProjectConfigurationPlatforms) = postSolution
		{3096E2F0-48B9-45C0-8393-E71B80D97C2B}.Debug|x64.ActiveCfg = Debug|x64
		{3096E2F0-48B9-45C0-8393-E71B80D97C2B}.Debug|x64.Build.0 = Debug|x64
		{3096E2F0-48B9-45C0-8393-E71B80D97C2B}.Debug|x86.ActiveCfg = Debug|Win32
		{3096E2F0-48B9-45C0-8393-E71B80D97C2B}.Debug|x86.Build.0 = Debug|Win32
		{3096E2F0-48B9-45C0-8393-E71B80D97C2B}.Release|x64.ActiveCfg = Release|x64
		{3096E2F0-48B9-45C0-8393-E71B80D97C2B}.Release|x64.Build.0 = Release|x64
		{3096E2F0-48B9-45C0-8393-E71B80D97C2B}.Release|x86.ActiveCfg = Release|Win32
		{3096E2F0-48B9-45C0-8393-E71B80D97C2B}.Release|x86.Build.0 = Release|Win32
		{DFB04F08-8828-450E-98C1-5A52335221AB}.Debug|x64.ActiveCfg = Debug|x64
		{DFB04F08-8828-450E-98C1-5A52335221AB}.Debug|x64.Build.0 = Debug|x64
		{DFB04F08-8828-450E-98C1-5A52335221AB}.Debug|x86.ActiveCfg = Debug|Win32
		{DFB04F08-8828-450E-98C1-5A52335221AB}.Debug|x86.Build.0 = Debug|Win32
		{DFB04F08-8828-450E-98C1-5A52335221AB}.Release|x64.ActiveCfg = Release|x64
		{DFB04F08-8828-450E-98C1-5A52335221AB}.Release|x64.Build.0 = Release|x64
		{DFB04F08-8828-450E-98C1-5A52335221AB}.Release|x86.ActiveCfg = Release|Win32
		{DFB04F08-8828-450E-98C1-5A52335221AB}.Release|x86.Build.0 = Release|Win32
		{A1EB2DC5-F85E-4C29-A47E-701CB4A1F6A7}.Debug|x64.ActiveCfg = Debug|x64
		{A1EB2DC5-F85E-4C29-A47E-701CB4A1F6A7}.Debug|x64.Build.0 = Debug|x64
		{A1EB2DC5-F85E-4C29-A47E-701CB4A1F6A7}.Debug|x86.ActiveCfg = Debug|Win32
		{A1EB2DC5-F85E-4C29-A47E-701CB4A1F6A7}.Debug|x86.Build.0 = Debug|Win32
		{A1EB2DC5-F85E-4C29-A47E-701CB4A1F6A7}.Release|x64.ActiveCfg = Release|x64
		{A1EB2DC5-F85E-4C29-A47E-701CB4A1F6A7}.Release|x64.Build.0 = Release|x64
		{A1EB2DC5-F85E-4C29-A47E-701CB4A1F6A7}.Release|x86.ActiveCfg = Release|Win32
		{A1EB2DC5-F85E-4C29-A47E-701CB4A1F6A7}.Release|x86.Build.0 = Release|Win32
		{3D7D6A4C-7164-4E33-B741-26C10DCF8BAC}.Debug|x64.ActiveCfg = Debug|x64
		{3D7D6A4C-7164-4E33-B741-26C10DCF8BAC}.Debug|x64.Build.0 = Debug|x64
		{3D7D6A4C-7164-4E33-B741-26C10DCF8BAC}.Debug|x86.ActiveCfg = Debug|Win32
		{3D7D6A4C-7164-4E33-B741-26C10DCF8BAC}.Debug|x86.Build.0 = Debug|Win32
		{3D7D6A4C-7164-4E33-B741-26C10DCF8BAC}.Release|x64.ActiveCfg = Release|x64
		{3D7D6A4C-7164-4E33-B741-26C10DCF8BAC}.Release|x64.Build.0 = Release|x64
		{3D7D6A4C-7164-4E33-B741-26C10DCF8BAC}.Release|x86.ActiveCfg = Release|Win32
		{3D7D6A4C-7164-4E33-B741-26C10DCF8BAC}.Release|x86.Build.0 = Release|Win32
		{B851658C-4B20-446F-BB94-037D22973680}.Debug|x64.ActiveCfg = Debug|x64
		{B851658C-4B20-446F-BB94-037D22973680}.Debug|x64.Build.0 = Debug|x64
		{B851658C-4B20-446F-BB94-037D22973680}.Debug|x86.ActiveCfg = Debug|Win32
		{B851658C-4B20-446F-BB94-037D22973680}.Debug|x86.Build.0 = Debug|Win32
		{B851658C-4B20-446F-BB94-037D22973680}.Release|x64.ActiveCfg = Release|x64
		{B851658C-4B20-446F-BB94-037D22973680}.Release|x64.Build.0 = Release|x64
		{B851658C-4B20-446F-BB94-037D22973680}.Release|x86.ActiveCfg = Release|Win32
		{B851658C-4B20-446F-BB94-037D22973680}.Release|x86.Build.0 = Release|Win32
		{8C73F81D-1C95-47D5-AFE4-F74F088B1008}.Debug|x64.ActiveCfg = Debug|x64
		{8C73F81D-1C95-47D5-AFE4-F74F088B1008}.Debug|x64.Build.0 = Debug|x64
		{8C73F81D-1C95-47D5-AFE4-F74F088B1008}.Debug|x86.ActiveCfg = Debug|Win32
		{8C73F81D-1C95-47D5-AFE4-F74F088B1008}.Debug|x86.Build.0 = Debug|Win32
		{8C73F81D-1C95-47D5-AFE4-F74F088B1008}.Release|x64.ActiveCfg = Release|x64
		{8C73F81D-1C95-47D5-AFE4-F74F088B1008}.Release|x64.Build.0 = Release|x64
		{8C73F81D-1C95-47D5-AFE4-F74F088B1008}.Release|x86.ActiveCfg = Release|Win32
		{8C73F81D-1C95-47D5-AFE4-F74F088B1008}.Release|x86.Build.0 = Release|Win32
		{537B60B3-F9F0-471D-88DF-55D535C8FCD7}.Debug|x64.ActiveCfg = Debug|x64
		{537B60B3-F9F0-471D-88DF-55D535C8FCD7}.Debug|x64.Build.0 = Debug|x64
		{537B60B3-F9F0-471D-88DF-55D535C8FCD7}.Debug|x86.ActiveCfg = Debug|Win32
		{537B60B3-F9F0-471D-88DF-55D535C8FCD7}.Debug|x86.Build.0 = Debug|Win32
		{537B60B3-F9F0-471D-88DF-55D535C8FCD7}.Release|x64.ActiveCfg = Release|x64
		{537B60B3-F9F0-471D-88DF-55D535C8FCD7}.Release|x64.Build.0 = Release|x64
		{537B60B3-F9F0-471D-88DF-55D535C8FCD7}.Release|x86.ActiveCfg = Release|Win32
		{537B60B3-F9F0-471D-88DF-55D535C8FCD7}.Release|x86.Build.0 = Release|Win32
		{12DB171A-9474-42F3-BE39-8372C442328C}.Debug|x64.ActiveCfg = Debug|x64
		{12DB171A-9474-42F3-BE39-8372C442328C}.Debug|x64.Build.0 = Debug|x64
		{12DB171A-9474-42F3-BE39-8372C442328C}.Debug|x86.ActiveCfg = Debug|Win32
		{12DB171A-9474-42F3-BE39-8372C442328C}.Debug|x86.Build.0 = Debug|Win32
		{12DB171A-9474-42F3-BE39-8372C442328C}.Release|x64.ActiveCfg = Release|x64
		{12DB171A-9474-42F3-BE39-8372C442328C}.Release|x64.Build.0 = Release|x64
		{12DB171A-9474-42F3-BE39-8372C442328C}.Release|x86.ActiveCfg = Release|Win32
		{12DB171A-9474-42F3-BE39-8372C442328C}.Release|x86.Build.0 = Release|Win32
		{34D47C58-D24C-48CD-831C-D667BEBAD637}.Debug|x64.ActiveCfg = Debug|x64
		{34D47C58-D24C-48CD-831C-D667BEBAD637}.Debug|x64.Build.0 = Debug|x64
		{34D47C58-D24C-48CD-831C-D667BEBAD637}.Debug|x86.ActiveCfg = Debug|Win32
		{34D47C58-D24C-48CD-831C-D667BEBAD637}.Debug|x86.Build.0 = Debug|Win32
		{34D47C58-D24C-48CD-831C-D667BEBAD637}.Release|x64.ActiveCfg = Release|x64
		{34D47C58-D24C-48CD-831C-D667BEBAD637}.Release|x64.Build.0 = Release|x64
		{34D47C58-D24C-48CD-831C-D667BEBAD637}.Release|x86.ActiveCfg = Release|Win32
		{34D47C58-D24C-48CD-831C-D667BEBAD637}.Release|x86.Build.0 = Release|Win32
		{36D3F33B-7495-4BB2-A167-657F3B20914C}.Debug|x64.ActiveCfg = Debug|x64
		{36D3F33B-7495-4BB2-A167-657F3B20914C}.Debug|x64.Build.0 = Debug|x64
		{36D3F33B-7495-4BB2-A167-657F3B20914C}.Debug|x86.ActiveCfg = Debug|Win32
		{36D3F33B-7495-4BB2-A167-657F3B20914C}.Debug|x86.Build.0 = Debug|Win32
		{36D3F33B-7495-4BB2-A167-657F3B20914C}.Release|x64.ActiveCfg = Release|x64
		{36D3F33B-7495-4BB2-A167-657F3B20914C}.Release|x64.Build.0 = Release|x64
		{36D3F33B-7495-4BB2-A167-657F3B20914C}.Release|x86.ActiveCfg = Release|Win32
		{36D3F33B-7495-4BB2-A167-657F3B20914C}.Release|x86.Build.0 = Release|Win32
		{BEA10ABE-338B-4A15-B538-02BD7E86FC9D}.Debug|x64.ActiveCfg = Debug|x64
		{BEA10ABE-338B-4A15-B538-02BD7E86FC9D}.Debug|x64.Build.0 = Debug|x64
		{BEA10ABE-338B-4A15-B538-02BD7E86FC9D}.Debug|x86.ActiveCfg = Debug|Win32
		{BEA10ABE-338B-4A15-B538-02BD7E86FC9D}.Debug|x86.Build.0 = Debug|Win32
		{BEA10ABE-338B-4A15-B538-02BD7E86FC9D}.Release|x64.ActiveCfg = Release|x64
		{BEA10ABE-338B-4A15-B538-02BD7E86FC9D}.Release|x64.Build.0 = Release|x64
		{BEA10ABE-338B-4A15-B538-02BD7E86FC9D}.Release|x86.ActiveCfg = Release|Win32
		{BEA10ABE-338B-4A15-B538-02BD7E86FC9D}.Release|x86.Build.0 = Release|Win32
	EndGlobalSection
	GlobalSection(SolutionProperties) = preSolution
		HideSolutionNode = FALSE
	EndGlobalSection
EndGlobal
